
Microsoft Visual Studio Solution File, Format Version 12.00
# Visual Studio 15
VisualStudioVersion = 15.0.28307.271
MinimumVisualStudioVersion = 10.0.40219.1
Project("{FAE04EC0-301F-11D3-BF4B-00C04F79EFBC}") = "VantecWeb", "VantecWeb\VantecWeb.csproj", "{60E18237-9EA4-45AB-86C4-1E6952565B54}"
EndProject
Global
	GlobalSection(SolutionConfigurationPlatforms) = preSolution
		Debug|Any CPU = Debug|Any CPU
		Release|Any CPU = Release|Any CPU
	EndGlobalSection
	GlobalSection(ProjectConfigurationPlatforms) = postSolution
		{60E18237-9EA4-45AB-86C4-1E6952565B54}.Debug|Any CPU.ActiveCfg = Debug|Any CPU
		{60E18237-9EA4-45AB-86C4-1E6952565B54}.Debug|Any CPU.Build.0 = Debug|Any CPU
		{60E18237-9EA4-45AB-86C4-1E6952565B54}.Release|Any CPU.ActiveCfg = Release|Any CPU
		{60E18237-9EA4-45AB-86C4-1E6952565B54}.Release|Any CPU.Build.0 = Release|Any CPU
	EndGlobalSection
	GlobalSection(SolutionProperties) = preSolution
		HideSolutionNode = FALSE
	EndGlobalSection
	GlobalSection(ExtensibilityGlobals) = postSolution
		SolutionGuid = {D83EC93C-4315-4598-98BB-7835F6333BF9}
	EndGlobalSection
EndGlobal
